{
  "name": "comficurrydocker",
  "lockfileVersion": 2,
  "requires": true,
  "packages": {
    "": {
      "dependencies": {
        "undefined": "file:"
      }
    },
    "node_modules/undefined": {
      "link": true,
      "resolved": ""
    }
  },
  "dependencies": {
    "undefined": {
      "version": "file:",
      "requires": {
        "undefined": "file:"
      }
    }
  }
}
